{
  "name": "hw2",
  "lockfileVersion": 3,
  "requires": true,
  "packages": {
    "": {
      "dependencies": {
        "makulin_pass_generation": "^1.0.0"
      }
    },
    "node_modules/makulin_pass_generation": {
      "version": "1.0.0",
      "resolved": "https://registry.npmjs.org/makulin_pass_generation/-/makulin_pass_generation-1.0.0.tgz",
      "integrity": "sha512-ByVb4H1Qbe5kW1EPk4IW3i2ADC9on5pELmDUFQgv+K+nyLTSVIoymup4S4AFZl7rUnU16/BVArGMZfYzwXaZUA=="
    }
  }
}
